// !$*UTF8*$!
{
	archiveVersion = 1;
	classes = {
	};
	objectVersion = 55;
	objects = {

/* Begin PBXBuildFile section */
		4E3AF39C275919A2006B36C9 /* Cell.swift in Sources */ = {isa = PBXBuildFile; fileRef = 4E3AF39B275919A2006B36C9 /* Cell.swift */; };
		4E3AF3A2275957AF006B36C9 /* SharedControllerExtensions.swift in Sources */ = {isa = PBXBuildFile; fileRef = 4E3AF3A1275957AF006B36C9 /* SharedControllerExtensions.swift */; };
		4E7EE8AD27586022002B723C /* EditControllerExtensions.swift in Sources */ = {isa = PBXBuildFile; fileRef = 4E7EE8AC27586022002B723C /* EditControllerExtensions.swift */; };
		4ECECF9F2757BD3200B9D7E4 /* AppDelegate.swift in Sources */ = {isa = PBXBuildFile; fileRef = 4ECECF9E2757BD3200B9D7E4 /* AppDelegate.swift */; };
		4ECECFA12757BD3200B9D7E4 /* SceneDelegate.swift in Sources */ = {isa = PBXBuildFile; fileRef = 4ECECFA02757BD3200B9D7E4 /* SceneDelegate.swift */; };
		4ECECFA32757BD3200B9D7E4 /* EditController.swift in Sources */ = {isa = PBXBuildFile; fileRef = 4ECECFA22757BD3200B9D7E4 /* EditController.swift */; };
		4ECECFA82757BD3400B9D7E4 /* Assets.xcassets in Resources */ = {isa = PBXBuildFile; fileRef = 4ECECFA72757BD3400B9D7E4 /* Assets.xcassets */; };
		4ECECFAB2757BD3400B9D7E4 /* LaunchScreen.storyboard in Resources */ = {isa = PBXBuildFile; fileRef = 4ECECFA92757BD3400B9D7E4 /* LaunchScreen.storyboard */; };
		4ECECFB32757C86100B9D7E4 /* TabBarController.swift in Sources */ = {isa = PBXBuildFile; fileRef = 4ECECFB22757C86100B9D7E4 /* TabBarController.swift */; };
		4ECECFB52757CAC700B9D7E4 /* SharedController.swift in Sources */ = {isa = PBXBuildFile; fileRef = 4ECECFB42757CAC700B9D7E4 /* SharedController.swift */; };
		81EE7BA52757E4C200291DB8 /* Handles.swift in Sources */ = {isa = PBXBuildFile; fileRef = 81EE7BA42757E4C200291DB8 /* Handles.swift */; };
/* End PBXBuildFile section */

/* Begin PBXFileReference section */
		4E3AF39B275919A2006B36C9 /* Cell.swift */ = {isa = PBXFileReference; lastKnownFileType = sourcecode.swift; path = Cell.swift; sourceTree = "<group>"; };
		4E3AF3A1275957AF006B36C9 /* SharedControllerExtensions.swift */ = {isa = PBXFileReference; lastKnownFileType = sourcecode.swift; path = SharedControllerExtensions.swift; sourceTree = "<group>"; };
		4E7EE8AC27586022002B723C /* EditControllerExtensions.swift */ = {isa = PBXFileReference; lastKnownFileType = sourcecode.swift; path = EditControllerExtensions.swift; sourceTree = "<group>"; };
		4ECECF9B2757BD3200B9D7E4 /* Photo Share.app */ = {isa = PBXFileReference; explicitFileType = wrapper.application; includeInIndex = 0; path = "Photo Share.app"; sourceTree = BUILT_PRODUCTS_DIR; };
		4ECECF9E2757BD3200B9D7E4 /* AppDelegate.swift */ = {isa = PBXFileReference; lastKnownFileType = sourcecode.swift; path = AppDelegate.swift; sourceTree = "<group>"; };
		4ECECFA02757BD3200B9D7E4 /* SceneDelegate.swift */ = {isa = PBXFileReference; lastKnownFileType = sourcecode.swift; path = SceneDelegate.swift; sourceTree = "<group>"; };
		4ECECFA22757BD3200B9D7E4 /* EditController.swift */ = {isa = PBXFileReference; lastKnownFileType = sourcecode.swift; path = EditController.swift; sourceTree = "<group>"; };
		4ECECFA72757BD3400B9D7E4 /* Assets.xcassets */ = {isa = PBXFileReference; lastKnownFileType = folder.assetcatalog; path = Assets.xcassets; sourceTree = "<group>"; };
		4ECECFAA2757BD3400B9D7E4 /* Base */ = {isa = PBXFileReference; lastKnownFileType = file.storyboard; name = Base; path = Base.lproj/LaunchScreen.storyboard; sourceTree = "<group>"; };
		4ECECFAC2757BD3400B9D7E4 /* Info.plist */ = {isa = PBXFileReference; lastKnownFileType = text.plist.xml; path = Info.plist; sourceTree = "<group>"; };
		4ECECFB22757C86100B9D7E4 /* TabBarController.swift */ = {isa = PBXFileReference; lastKnownFileType = sourcecode.swift; path = TabBarController.swift; sourceTree = "<group>"; };
		4ECECFB42757CAC700B9D7E4 /* SharedController.swift */ = {isa = PBXFileReference; lastKnownFileType = sourcecode.swift; path = SharedController.swift; sourceTree = "<group>"; };
		81EE7BA42757E4C200291DB8 /* Handles.swift */ = {isa = PBXFileReference; lastKnownFileType = sourcecode.swift; path = Handles.swift; sourceTree = "<group>"; };
/* End PBXFileReference section */

/* Begin PBXFrameworksBuildPhase section */
		4ECECF982757BD3200B9D7E4 /* Frameworks */ = {
			isa = PBXFrameworksBuildPhase;
			buildActionMask = 2147483647;
			files = (
			);
			runOnlyForDeploymentPostprocessing = 0;
		};
/* End PBXFrameworksBuildPhase section */

/* Begin PBXGroup section */
		4E3AF39A2759198D006B36C9 /* Views */ = {
			isa = PBXGroup;
			children = (
				4E3AF39B275919A2006B36C9 /* Cell.swift */,
			);
			path = Views;
			sourceTree = "<group>";
		};
		4E7EE8A127585B24002B723C /* Controllers */ = {
			isa = PBXGroup;
			children = (
				4E3AF39A2759198D006B36C9 /* Views */,
				4ECECFB42757CAC700B9D7E4 /* SharedController.swift */,
				4ECECFA22757BD3200B9D7E4 /* EditController.swift */,
				4ECECFB22757C86100B9D7E4 /* TabBarController.swift */,
			);
			path = Controllers;
			sourceTree = "<group>";
		};
		4E7EE8A227585B39002B723C /* Resources */ = {
			isa = PBXGroup;
			children = (
				4ECECF9E2757BD3200B9D7E4 /* AppDelegate.swift */,
				4ECECFA02757BD3200B9D7E4 /* SceneDelegate.swift */,
				4ECECFA72757BD3400B9D7E4 /* Assets.xcassets */,
			);
			path = Resources;
			sourceTree = "<group>";
		};
		4E7EE8A727585D71002B723C /* Extensions */ = {
			isa = PBXGroup;
			children = (
				4E7EE8AC27586022002B723C /* EditControllerExtensions.swift */,
				4E3AF3A1275957AF006B36C9 /* SharedControllerExtensions.swift */,
			);
			path = Extensions;
			sourceTree = "<group>";
		};
		4ECECF922757BD3200B9D7E4 = {
			isa = PBXGroup;
			children = (
				4ECECF9D2757BD3200B9D7E4 /* Photo Share */,
				4ECECF9C2757BD3200B9D7E4 /* Products */,
			);
			sourceTree = "<group>";
		};
		4ECECF9C2757BD3200B9D7E4 /* Products */ = {
			isa = PBXGroup;
			children = (
				4ECECF9B2757BD3200B9D7E4 /* Photo Share.app */,
			);
			name = Products;
			sourceTree = "<group>";
		};
		4ECECF9D2757BD3200B9D7E4 /* Photo Share */ = {
			isa = PBXGroup;
			children = (
				4E7EE8A227585B39002B723C /* Resources */,
				4E7EE8A727585D71002B723C /* Extensions */,
				4E7EE8A127585B24002B723C /* Controllers */,
				81EE7BA32757E48100291DB8 /* Shareds */,
				4ECECFA92757BD3400B9D7E4 /* LaunchScreen.storyboard */,
				4ECECFAC2757BD3400B9D7E4 /* Info.plist */,
			);
			path = "Photo Share";
			sourceTree = "<group>";
		};
		81EE7BA32757E48100291DB8 /* Shareds */ = {
			isa = PBXGroup;
			children = (
				81EE7BA42757E4C200291DB8 /* Handles.swift */,
			);
			path = Shareds;
			sourceTree = "<group>";
		};
/* End PBXGroup section */

/* Begin PBXNativeTarget section */
		4ECECF9A2757BD3200B9D7E4 /* Photo Share */ = {
			isa = PBXNativeTarget;
			buildConfigurationList = 4ECECFAF2757BD3400B9D7E4 /* Build configuration list for PBXNativeTarget "Photo Share" */;
			buildPhases = (
				4ECECF972757BD3200B9D7E4 /* Sources */,
				4ECECF982757BD3200B9D7E4 /* Frameworks */,
				4ECECF992757BD3200B9D7E4 /* Resources */,
			);
			buildRules = (
			);
			dependencies = (
			);
			name = "Photo Share";
			productName = "Photo Share";
			productReference = 4ECECF9B2757BD3200B9D7E4 /* Photo Share.app */;
			productType = "com.apple.product-type.application";
		};
/* End PBXNativeTarget section */

/* Begin PBXProject section */
		4ECECF932757BD3200B9D7E4 /* Project object */ = {
			isa = PBXProject;
			attributes = {
				BuildIndependentTargetsInParallel = 1;
				LastSwiftUpdateCheck = 1310;
				LastUpgradeCheck = 1310;
				TargetAttributes = {
					4ECECF9A2757BD3200B9D7E4 = {
						CreatedOnToolsVersion = 13.1;
					};
				};
			};
			buildConfigurationList = 4ECECF962757BD3200B9D7E4 /* Build configuration list for PBXProject "Photo Share" */;
			compatibilityVersion = "Xcode 13.0";
			developmentRegion = en;
			hasScannedForEncodings = 0;
			knownRegions = (
				en,
				Base,
			);
			mainGroup = 4ECECF922757BD3200B9D7E4;
			productRefGroup = 4ECECF9C2757BD3200B9D7E4 /* Products */;
			projectDirPath = "";
			projectRoot = "";
			targets = (
				4ECECF9A2757BD3200B9D7E4 /* Photo Share */,
			);
		};
/* End PBXProject section */

/* Begin PBXResourcesBuildPhase section */
		4ECECF992757BD3200B9D7E4 /* Resources */ = {
			isa = PBXResourcesBuildPhase;
			buildActionMask = 2147483647;
			files = (
				4ECECFAB2757BD3400B9D7E4 /* LaunchScreen.storyboard in Resources */,
				4ECECFA82757BD3400B9D7E4 /* Assets.xcassets in Resources */,
			);
			runOnlyForDeploymentPostprocessing = 0;
		};
/* End PBXResourcesBuildPhase section */

/* Begin PBXSourcesBuildPhase section */
		4ECECF972757BD3200B9D7E4 /* Sources */ = {
			isa = PBXSourcesBuildPhase;
			buildActionMask = 2147483647;
			files = (
				4E3AF3A2275957AF006B36C9 /* SharedControllerExtensions.swift in Sources */,
				4E7EE8AD27586022002B723C /* EditControllerExtensions.swift in Sources */,
				4ECECFB52757CAC700B9D7E4 /* SharedController.swift in Sources */,
				4ECECFA32757BD3200B9D7E4 /* EditController.swift in Sources */,
				4ECECFB32757C86100B9D7E4 /* TabBarController.swift in Sources */,
				81EE7BA52757E4C200291DB8 /* Handles.swift in Sources */,
				4E3AF39C275919A2006B36C9 /* Cell.swift in Sources */,
				4ECECF9F2757BD3200B9D7E4 /* AppDelegate.swift in Sources */,
				4ECECFA12757BD3200B9D7E4 /* SceneDelegate.swift in Sources */,
			);
			runOnlyForDeploymentPostprocessing = 0;
		};
/* End PBXSourcesBuildPhase section */

/* Begin PBXVariantGroup section */
		4ECECFA92757BD3400B9D7E4 /* LaunchScreen.storyboard */ = {
			isa = PBXVariantGroup;
			children = (
				4ECECFAA2757BD3400B9D7E4 /* Base */,
			);
			name = LaunchScreen.storyboard;
			sourceTree = "<group>";
		};
/* End PBXVariantGroup section */

/* Begin XCBuildConfiguration section */
		4ECECFAD2757BD3400B9D7E4 /* Debug */ = {
			isa = XCBuildConfiguration;
			buildSettings = {
				ALWAYS_SEARCH_USER_PATHS = NO;
				CLANG_ANALYZER_NONNULL = YES;
				CLANG_ANALYZER_NUMBER_OBJECT_CONVERSION = YES_AGGRESSIVE;
				CLANG_CXX_LANGUAGE_STANDARD = "gnu++17";
				CLANG_CXX_LIBRARY = "libc++";
				CLANG_ENABLE_MODULES = YES;
				CLANG_ENABLE_OBJC_ARC = YES;
				CLANG_ENABLE_OBJC_WEAK = YES;
				CLANG_WARN_BLOCK_CAPTURE_AUTORELEASING = YES;
				CLANG_WARN_BOOL_CONVERSION = YES;
				CLANG_WARN_COMMA = YES;
				CLANG_WARN_CONSTANT_CONVERSION = YES;
				CLANG_WARN_DEPRECATED_OBJC_IMPLEMENTATIONS = YES;
				CLANG_WARN_DIRECT_OBJC_ISA_USAGE = YES_ERROR;
				CLANG_WARN_DOCUMENTATION_COMMENTS = YES;
				CLANG_WARN_EMPTY_BODY = YES;
				CLANG_WARN_ENUM_CONVERSION = YES;
				CLANG_WARN_INFINITE_RECURSION = YES;
				CLANG_WARN_INT_CONVERSION = YES;
				CLANG_WARN_NON_LITERAL_NULL_CONVERSION = YES;
				CLANG_WARN_OBJC_IMPLICIT_RETAIN_SELF = YES;
				CLANG_WARN_OBJC_LITERAL_CONVERSION = YES;
				CLANG_WARN_OBJC_ROOT_CLASS = YES_ERROR;
				CLANG_WARN_QUOTED_INCLUDE_IN_FRAMEWORK_HEADER = YES;
				CLANG_WARN_RANGE_LOOP_ANALYSIS = YES;
				CLANG_WARN_STRICT_PROTOTYPES = YES;
				CLANG_WARN_SUSPICIOUS_MOVE = YES;
				CLANG_WARN_UNGUARDED_AVAILABILITY = YES_AGGRESSIVE;
				CLANG_WARN_UNREACHABLE_CODE = YES;
				CLANG_WARN__DUPLICATE_METHOD_MATCH = YES;
				COPY_PHASE_STRIP = NO;
				DEBUG_INFORMATION_FORMAT = dwarf;
				ENABLE_STRICT_OBJC_MSGSEND = YES;
				ENABLE_TESTABILITY = YES;
				GCC_C_LANGUAGE_STANDARD = gnu11;
				GCC_DYNAMIC_NO_PIC = NO;
				GCC_NO_COMMON_BLOCKS = YES;
				GCC_OPTIMIZATION_LEVEL = 0;
				GCC_PREPROCESSOR_DEFINITIONS = (
					"DEBUG=1",
					"$(inherited)",
				);
				GCC_WARN_64_TO_32_BIT_CONVERSION = YES;
				GCC_WARN_ABOUT_RETURN_TYPE = YES_ERROR;
				GCC_WARN_UNDECLARED_SELECTOR = YES;
				GCC_WARN_UNINITIALIZED_AUTOS = YES_AGGRESSIVE;
				GCC_WARN_UNUSED_FUNCTION = YES;
				GCC_WARN_UNUSED_VARIABLE = YES;
				IPHONEOS_DEPLOYMENT_TARGET = 15.0;
				MTL_ENABLE_DEBUG_INFO = INCLUDE_SOURCE;
				MTL_FAST_MATH = YES;
				ONLY_ACTIVE_ARCH = YES;
				SDKROOT = iphoneos;
				SWIFT_ACTIVE_COMPILATION_CONDITIONS = DEBUG;
				SWIFT_OPTIMIZATION_LEVEL = "-Onone";
			};
			name = Debug;
		};
		4ECECFAE2757BD3400B9D7E4 /* Release */ = {
			isa = XCBuildConfiguration;
			buildSettings = {
				ALWAYS_SEARCH_USER_PATHS = NO;
				CLANG_ANALYZER_NONNULL = YES;
				CLANG_ANALYZER_NUMBER_OBJECT_CONVERSION = YES_AGGRESSIVE;
				CLANG_CXX_LANGUAGE_STANDARD = "gnu++17";
				CLANG_CXX_LIBRARY = "libc++";
				CLANG_ENABLE_MODULES = YES;
				CLANG_ENABLE_OBJC_ARC = YES;
				CLANG_ENABLE_OBJC_WEAK = YES;
				CLANG_WARN_BLOCK_CAPTURE_AUTORELEASING = YES;
				CLANG_WARN_BOOL_CONVERSION = YES;
				CLANG_WARN_COMMA = YES;
				CLANG_WARN_CONSTANT_CONVERSION = YES;
				CLANG_WARN_DEPRECATED_OBJC_IMPLEMENTATIONS = YES;
				CLANG_WARN_DIRECT_OBJC_ISA_USAGE = YES_ERROR;
				CLANG_WARN_DOCUMENTATION_COMMENTS = YES;
				CLANG_WARN_EMPTY_BODY = YES;
				CLANG_WARN_ENUM_CONVERSION = YES;
				CLANG_WARN_INFINITE_RECURSION = YES;
				CLANG_WARN_INT_CONVERSION = YES;
				CLANG_WARN_NON_LITERAL_NULL_CONVERSION = YES;
				CLANG_WARN_OBJC_IMPLICIT_RETAIN_SELF = YES;
				CLANG_WARN_OBJC_LITERAL_CONVERSION = YES;
				CLANG_WARN_OBJC_ROOT_CLASS = YES_ERROR;
				CLANG_WARN_QUOTED_INCLUDE_IN_FRAMEWORK_HEADER = YES;
				CLANG_WARN_RANGE_LOOP_ANALYSIS = YES;
				CLANG_WARN_STRICT_PROTOTYPES = YES;
				CLANG_WARN_SUSPICIOUS_MOVE = YES;
				CLANG_WARN_UNGUARDED_AVAILABILITY = YES_AGGRESSIVE;
				CLANG_WARN_UNREACHABLE_CODE = YES;
				CLANG_WARN__DUPLICATE_METHOD_MATCH = YES;
				COPY_PHASE_STRIP = NO;
				DEBUG_INFORMATION_FORMAT = "dwarf-with-dsym";
				ENABLE_NS_ASSERTIONS = NO;
				ENABLE_STRICT_OBJC_MSGSEND = YES;
				GCC_C_LANGUAGE_STANDARD = gnu11;
				GCC_NO_COMMON_BLOCKS = YES;
				GCC_WARN_64_TO_32_BIT_CONVERSION = YES;
				GCC_WARN_ABOUT_RETURN_TYPE = YES_ERROR;
				GCC_WARN_UNDECLARED_SELECTOR = YES;
				GCC_WARN_UNINITIALIZED_AUTOS = YES_AGGRESSIVE;
				GCC_WARN_UNUSED_FUNCTION = YES;
				GCC_WARN_UNUSED_VARIABLE = YES;
				IPHONEOS_DEPLOYMENT_TARGET = 15.0;
				MTL_ENABLE_DEBUG_INFO = NO;
				MTL_FAST_MATH = YES;
				SDKROOT = iphoneos;
				SWIFT_COMPILATION_MODE = wholemodule;
				SWIFT_OPTIMIZATION_LEVEL = "-O";
				VALIDATE_PRODUCT = YES;
			};
			name = Release;
		};
		4ECECFB02757BD3400B9D7E4 /* Debug */ = {
			isa = XCBuildConfiguration;
			buildSettings = {
				ASSETCATALOG_COMPILER_APPICON_NAME = AppIcon;
				ASSETCATALOG_COMPILER_GLOBAL_ACCENT_COLOR_NAME = AccentColor;
				CODE_SIGN_STYLE = Automatic;
				CURRENT_PROJECT_VERSION = 1;
				GENERATE_INFOPLIST_FILE = YES;
				INFOPLIST_FILE = "Photo Share/Info.plist";
				INFOPLIST_KEY_NSPhotoLibraryAddUsageDescription = "We need to work with your photo library";
				INFOPLIST_KEY_UIApplicationSupportsIndirectInputEvents = YES;
				INFOPLIST_KEY_UILaunchStoryboardName = LaunchScreen;
				INFOPLIST_KEY_UISupportedInterfaceOrientations = "UIInterfaceOrientationPortrait UIInterfaceOrientationPortraitUpsideDown";
				INFOPLIST_KEY_UISupportedInterfaceOrientations_iPad = "UIInterfaceOrientationPortrait UIInterfaceOrientationPortraitUpsideDown UIInterfaceOrientationLandscapeLeft UIInterfaceOrientationLandscapeRight";
				INFOPLIST_KEY_UISupportedInterfaceOrientations_iPhone = "UIInterfaceOrientationPortrait UIInterfaceOrientationLandscapeLeft UIInterfaceOrientationLandscapeRight";
				LD_RUNPATH_SEARCH_PATHS = (
					"$(inherited)",
					"@executable_path/Frameworks",
				);
				MARKETING_VERSION = 1.0;
				PRODUCT_BUNDLE_IDENTIFIER = "com.vaivoa.Photo-Share";
				PRODUCT_NAME = "$(TARGET_NAME)";
				SWIFT_EMIT_LOC_STRINGS = YES;
				SWIFT_VERSION = 5.0;
				TARGETED_DEVICE_FAMILY = "1,2";
			};
			name = Debug;
		};
		4ECECFB12757BD3400B9D7E4 /* Release */ = {
			isa = XCBuildConfiguration;
			buildSettings = {
				ASSETCATALOG_COMPILER_APPICON_NAME = AppIcon;
				ASSETCATALOG_COMPILER_GLOBAL_ACCENT_COLOR_NAME = AccentColor;
				CODE_SIGN_STYLE = Automatic;
				CURRENT_PROJECT_VERSION = 1;
				GENERATE_INFOPLIST_FILE = YES;
				INFOPLIST_FILE = "Photo Share/Info.plist";
				INFOPLIST_KEY_NSPhotoLibraryAddUsageDescription = "We need to work with your photo library";
				INFOPLIST_KEY_UIApplicationSupportsIndirectInputEvents = YES;
				INFOPLIST_KEY_UILaunchStoryboardName = LaunchScreen;
				INFOPLIST_KEY_UISupportedInterfaceOrientations = "UIInterfaceOrientationPortrait UIInterfaceOrientationPortraitUpsideDown";
				INFOPLIST_KEY_UISupportedInterfaceOrientations_iPad = "UIInterfaceOrientationPortrait UIInterfaceOrientationPortraitUpsideDown UIInterfaceOrientationLandscapeLeft UIInterfaceOrientationLandscapeRight";
				INFOPLIST_KEY_UISupportedInterfaceOrientations_iPhone = "UIInterfaceOrientationPortrait UIInterfaceOrientationLandscapeLeft UIInterfaceOrientationLandscapeRight";
				LD_RUNPATH_SEARCH_PATHS = (
					"$(inherited)",
					"@executable_path/Frameworks",
				);
				MARKETING_VERSION = 1.0;
				PRODUCT_BUNDLE_IDENTIFIER = "com.vaivoa.Photo-Share";
				PRODUCT_NAME = "$(TARGET_NAME)";
				SWIFT_EMIT_LOC_STRINGS = YES;
				SWIFT_VERSION = 5.0;
				TARGETED_DEVICE_FAMILY = "1,2";
			};
			name = Release;
		};
/* End XCBuildConfiguration section */

/* Begin XCConfigurationList section */
		4ECECF962757BD3200B9D7E4 /* Build configuration list for PBXProject "Photo Share" */ = {
			isa = XCConfigurationList;
			buildConfigurations = (
				4ECECFAD2757BD3400B9D7E4 /* Debug */,
				4ECECFAE2757BD3400B9D7E4 /* Release */,
			);
			defaultConfigurationIsVisible = 0;
			defaultConfigurationName = Release;
		};
		4ECECFAF2757BD3400B9D7E4 /* Build configuration list for PBXNativeTarget "Photo Share" */ = {
			isa = XCConfigurationList;
			buildConfigurations = (
				4ECECFB02757BD3400B9D7E4 /* Debug */,
				4ECECFB12757BD3400B9D7E4 /* Release */,
			);
			defaultConfigurationIsVisible = 0;
			defaultConfigurationName = Release;
		};
/* End XCConfigurationList section */
	};
	rootObject = 4ECECF932757BD3200B9D7E4 /* Project object */;
}
